// !$*UTF8*$!
{
	archiveVersion = 1;
	classes = {
	};
	objectVersion = 46;
	objects = {

/* Begin PBXBuildFile section */
		981E34421F19F3ED00337AC1 /* main.cpp in Sources */ = {isa = PBXBuildFile; fileRef = 981E34411F19F3ED00337AC1 /* main.cpp */; };
		981E344A1F19F4CF00337AC1 /* Machine.cpp in Sources */ = {isa = PBXBuildFile; fileRef = 981E34481F19F4CF00337AC1 /* Machine.cpp */; };
		981E344D1F19F57000337AC1 /* MachineStates.cpp in Sources */ = {isa = PBXBuildFile; fileRef = 981E344B1F19F57000337AC1 /* MachineStates.cpp */; };
/* End PBXBuildFile section */

/* Begin PBXCopyFilesBuildPhase section */
		981E343C1F19F3ED00337AC1 /* CopyFiles */ = {
			isa = PBXCopyFilesBuildPhase;
			buildActionMask = 2147483647;
			dstPath = /usr/share/man/man1/;
			dstSubfolderSpec = 0;
			files = (
			);
			runOnlyForDeploymentPostprocessing = 1;
		};
/* End PBXCopyFilesBuildPhase section */

/* Begin PBXFileReference section */
		981E343E1F19F3ED00337AC1 /* ShopFiniteStateMachine */ = {isa = PBXFileReference; explicitFileType = "compiled.mach-o.executable"; includeInIndex = 0; path = ShopFiniteStateMachine; sourceTree = BUILT_PRODUCTS_DIR; };
		981E34411F19F3ED00337AC1 /* main.cpp */ = {isa = PBXFileReference; lastKnownFileType = sourcecode.cpp.cpp; path = main.cpp; sourceTree = "<group>"; };
		981E34481F19F4CF00337AC1 /* Machine.cpp */ = {isa = PBXFileReference; fileEncoding = 4; lastKnownFileType = sourcecode.cpp.cpp; path = Machine.cpp; sourceTree = "<group>"; };
		981E34491F19F4CF00337AC1 /* Machine.hh */ = {isa = PBXFileReference; fileEncoding = 4; lastKnownFileType = sourcecode.cpp.h; path = Machine.hh; sourceTree = "<group>"; };
		981E344B1F19F57000337AC1 /* MachineStates.cpp */ = {isa = PBXFileReference; fileEncoding = 4; lastKnownFileType = sourcecode.cpp.cpp; path = MachineStates.cpp; sourceTree = "<group>"; };
		981E344C1F19F57000337AC1 /* MachineStates.hh */ = {isa = PBXFileReference; fileEncoding = 4; lastKnownFileType = sourcecode.cpp.h; path = MachineStates.hh; sourceTree = "<group>"; };
/* End PBXFileReference section */

/* Begin PBXFrameworksBuildPhase section */
		981E343B1F19F3ED00337AC1 /* Frameworks */ = {
			isa = PBXFrameworksBuildPhase;
			buildActionMask = 2147483647;
			files = (
			);
			runOnlyForDeploymentPostprocessing = 0;
		};
/* End PBXFrameworksBuildPhase section */

/* Begin PBXGroup section */
		981E34351F19F3ED00337AC1 = {
			isa = PBXGroup;
			children = (
				981E34401F19F3ED00337AC1 /* ShopFiniteStateMachine */,
				981E343F1F19F3ED00337AC1 /* Products */,
			);
			sourceTree = "<group>";
		};
		981E343F1F19F3ED00337AC1 /* Products */ = {
			isa = PBXGroup;
			children = (
				981E343E1F19F3ED00337AC1 /* ShopFiniteStateMachine */,
			);
			name = Products;
			sourceTree = "<group>";
		};
		981E34401F19F3ED00337AC1 /* ShopFiniteStateMachine */ = {
			isa = PBXGroup;
			children = (
				981E34411F19F3ED00337AC1 /* main.cpp */,
				981E34481F19F4CF00337AC1 /* Machine.cpp */,
				981E344B1F19F57000337AC1 /* MachineStates.cpp */,
				981E344C1F19F57000337AC1 /* MachineStates.hh */,
				981E34491F19F4CF00337AC1 /* Machine.hh */,
			);
			path = ShopFiniteStateMachine;
			sourceTree = "<group>";
		};
/* End PBXGroup section */

/* Begin PBXNativeTarget section */
		981E343D1F19F3ED00337AC1 /* ShopFiniteStateMachine */ = {
			isa = PBXNativeTarget;
			buildConfigurationList = 981E34451F19F3ED00337AC1 /* Build configuration list for PBXNativeTarget "ShopFiniteStateMachine" */;
			buildPhases = (
				981E343A1F19F3ED00337AC1 /* Sources */,
				981E343B1F19F3ED00337AC1 /* Frameworks */,
				981E343C1F19F3ED00337AC1 /* CopyFiles */,
			);
			buildRules = (
			);
			dependencies = (
			);
			name = ShopFiniteStateMachine;
			productName = ShopFiniteStateMachine;
			productReference = 981E343E1F19F3ED00337AC1 /* ShopFiniteStateMachine */;
			productType = "com.apple.product-type.tool";
		};
/* End PBXNativeTarget section */

/* Begin PBXProject section */
		981E34361F19F3ED00337AC1 /* Project object */ = {
			isa = PBXProject;
			attributes = {
				LastUpgradeCheck = 0830;
				ORGANIZATIONNAME = "Smruti  Ranjan Panda";
				TargetAttributes = {
					981E343D1F19F3ED00337AC1 = {
						CreatedOnToolsVersion = 8.3.2;
						ProvisioningStyle = Automatic;
					};
				};
			};
			buildConfigurationList = 981E34391F19F3ED00337AC1 /* Build configuration list for PBXProject "ShopFiniteStateMachine" */;
			compatibilityVersion = "Xcode 3.2";
			developmentRegion = English;
			hasScannedForEncodings = 0;
			knownRegions = (
				en,
			);
			mainGroup = 981E34351F19F3ED00337AC1;
			productRefGroup = 981E343F1F19F3ED00337AC1 /* Products */;
			projectDirPath = "";
			projectRoot = "";
			targets = (
				981E343D1F19F3ED00337AC1 /* ShopFiniteStateMachine */,
			);
		};
/* End PBXProject section */

/* Begin PBXSourcesBuildPhase section */
		981E343A1F19F3ED00337AC1 /* Sources */ = {
			isa = PBXSourcesBuildPhase;
			buildActionMask = 2147483647;
			files = (
				981E344D1F19F57000337AC1 /* MachineStates.cpp in Sources */,
				981E34421F19F3ED00337AC1 /* main.cpp in Sources */,
				981E344A1F19F4CF00337AC1 /* Machine.cpp in Sources */,
			);
			runOnlyForDeploymentPostprocessing = 0;
		};
/* End PBXSourcesBuildPhase section */

/* Begin XCBuildConfiguration section */
		981E34431F19F3ED00337AC1 /* Debug */ = {
			isa = XCBuildConfiguration;
			buildSettings = {
				ALWAYS_SEARCH_USER_PATHS = NO;
				CLANG_ANALYZER_NONNULL = YES;
				CLANG_ANALYZER_NUMBER_OBJECT_CONVERSION = YES_AGGRESSIVE;
				CLANG_CXX_LANGUAGE_STANDARD = "gnu++0x";
				CLANG_CXX_LIBRARY = "libc++";
				CLANG_ENABLE_MODULES = YES;
				CLANG_ENABLE_OBJC_ARC = YES;
				CLANG_WARN_BOOL_CONVERSION = YES;
				CLANG_WARN_CONSTANT_CONVERSION = YES;
				CLANG_WARN_DIRECT_OBJC_ISA_USAGE = YES_ERROR;
				CLANG_WARN_DOCUMENTATION_COMMENTS = YES;
				CLANG_WARN_EMPTY_BODY = YES;
				CLANG_WARN_ENUM_CONVERSION = YES;
				CLANG_WARN_INFINITE_RECURSION = YES;
				CLANG_WARN_INT_CONVERSION = YES;
				CLANG_WARN_OBJC_ROOT_CLASS = YES_ERROR;
				CLANG_WARN_SUSPICIOUS_MOVE = YES;
				CLANG_WARN_UNREACHABLE_CODE = YES;
				CLANG_WARN__DUPLICATE_METHOD_MATCH = YES;
				CODE_SIGN_IDENTITY = "-";
				COPY_PHASE_STRIP = NO;
				DEBUG_INFORMATION_FORMAT = dwarf;
				ENABLE_STRICT_OBJC_MSGSEND = YES;
				ENABLE_TESTABILITY = YES;
				GCC_C_LANGUAGE_STANDARD = gnu99;
				GCC_DYNAMIC_NO_PIC = NO;
				GCC_NO_COMMON_BLOCKS = YES;
				GCC_OPTIMIZATION_LEVEL = 0;
				GCC_PREPROCESSOR_DEFINITIONS = (
					"DEBUG=1",
					"$(inherited)",
				);
				GCC_WARN_64_TO_32_BIT_CONVERSION = YES;
				GCC_WARN_ABOUT_RETURN_TYPE = YES_ERROR;
				GCC_WARN_UNDECLARED_SELECTOR = YES;
				GCC_WARN_UNINITIALIZED_AUTOS = YES_AGGRESSIVE;
				GCC_WARN_UNUSED_FUNCTION = YES;
				GCC_WARN_UNUSED_VARIABLE = YES;
				MACOSX_DEPLOYMENT_TARGET = 10.12;
				MTL_ENABLE_DEBUG_INFO = YES;
				ONLY_ACTIVE_ARCH = YES;
				SDKROOT = macosx;
			};
			name = Debug;
		};
		981E34441F19F3ED00337AC1 /* Release */ = {
			isa = XCBuildConfiguration;
			buildSettings = {
				ALWAYS_SEARCH_USER_PATHS = NO;
				CLANG_ANALYZER_NONNULL = YES;
				CLANG_ANALYZER_NUMBER_OBJECT_CONVERSION = YES_AGGRESSIVE;
				CLANG_CXX_LANGUAGE_STANDARD = "gnu++0x";
				CLANG_CXX_LIBRARY = "libc++";
				CLANG_ENABLE_MODULES = YES;
				CLANG_ENABLE_OBJC_ARC = YES;
				CLANG_WARN_BOOL_CONVERSION = YES;
				CLANG_WARN_CONSTANT_CONVERSION = YES;
				CLANG_WARN_DIRECT_OBJC_ISA_USAGE = YES_ERROR;
				CLANG_WARN_DOCUMENTATION_COMMENTS = YES;
				CLANG_WARN_EMPTY_BODY = YES;
				CLANG_WARN_ENUM_CONVERSION = YES;
				CLANG_WARN_INFINITE_RECURSION = YES;
				CLANG_WARN_INT_CONVERSION = YES;
				CLANG_WARN_OBJC_ROOT_CLASS = YES_ERROR;
				CLANG_WARN_SUSPICIOUS_MOVE = YES;
				CLANG_WARN_UNREACHABLE_CODE = YES;
				CLANG_WARN__DUPLICATE_METHOD_MATCH = YES;
				CODE_SIGN_IDENTITY = "-";
				COPY_PHASE_STRIP = NO;
				DEBUG_INFORMATION_FORMAT = "dwarf-with-dsym";
				ENABLE_NS_ASSERTIONS = NO;
				ENABLE_STRICT_OBJC_MSGSEND = YES;
				GCC_C_LANGUAGE_STANDARD = gnu99;
				GCC_NO_COMMON_BLOCKS = YES;
				GCC_WARN_64_TO_32_BIT_CONVERSION = YES;
				GCC_WARN_ABOUT_RETURN_TYPE = YES_ERROR;
				GCC_WARN_UNDECLARED_SELECTOR = YES;
				GCC_WARN_UNINITIALIZED_AUTOS = YES_AGGRESSIVE;
				GCC_WARN_UNUSED_FUNCTION = YES;
				GCC_WARN_UNUSED_VARIABLE = YES;
				MACOSX_DEPLOYMENT_TARGET = 10.12;
				MTL_ENABLE_DEBUG_INFO = NO;
				SDKROOT = macosx;
			};
			name = Release;
		};
		981E34461F19F3ED00337AC1 /* Debug */ = {
			isa = XCBuildConfiguration;
			buildSettings = {
				PRODUCT_NAME = "$(TARGET_NAME)";
			};
			name = Debug;
		};
		981E34471F19F3ED00337AC1 /* Release */ = {
			isa = XCBuildConfiguration;
			buildSettings = {
				PRODUCT_NAME = "$(TARGET_NAME)";
			};
			name = Release;
		};
/* End XCBuildConfiguration section */

/* Begin XCConfigurationList section */
		981E34391F19F3ED00337AC1 /* Build configuration list for PBXProject "ShopFiniteStateMachine" */ = {
			isa = XCConfigurationList;
			buildConfigurations = (
				981E34431F19F3ED00337AC1 /* Debug */,
				981E34441F19F3ED00337AC1 /* Release */,
			);
			defaultConfigurationIsVisible = 0;
			defaultConfigurationName = Release;
		};
		981E34451F19F3ED00337AC1 /* Build configuration list for PBXNativeTarget "ShopFiniteStateMachine" */ = {
			isa = XCConfigurationList;
			buildConfigurations = (
				981E34461F19F3ED00337AC1 /* Debug */,
				981E34471F19F3ED00337AC1 /* Release */,
			);
			defaultConfigurationIsVisible = 0;
		};
/* End XCConfigurationList section */
	};
	rootObject = 981E34361F19F3ED00337AC1 /* Project object */;
}
